// !$*UTF8*$!
{
	archiveVersion = 1;
	classes = {
	};
	objectVersion = 46;
	objects = {

/* Begin PBXBuildFile section */
		B3A2DDAB1BAC9F27006BE0DB /* main.m in Sources */ = {isa = PBXBuildFile; fileRef = B3A2DDAA1BAC9F27006BE0DB /* main.m */; };
		B3A2DDAE1BAC9F27006BE0DB /* AppDelegate.m in Sources */ = {isa = PBXBuildFile; fileRef = B3A2DDAD1BAC9F27006BE0DB /* AppDelegate.m */; };
		B3A2DDB61BAC9F27006BE0DB /* Images.xcassets in Resources */ = {isa = PBXBuildFile; fileRef = B3A2DDB51BAC9F27006BE0DB /* Images.xcassets */; };
		B3A2DDC51BAC9F27006BE0DB /* TinderEditorDemoTests.m in Sources */ = {isa = PBXBuildFile; fileRef = B3A2DDC41BAC9F27006BE0DB /* TinderEditorDemoTests.m */; };
		B3A2DDD11BAC9F92006BE0DB /* CardsViewController.m in Sources */ = {isa = PBXBuildFile; fileRef = B3A2DDCF1BAC9F92006BE0DB /* CardsViewController.m */; };
		B3A2DDD21BAC9F92006BE0DB /* CardsViewController.xib in Resources */ = {isa = PBXBuildFile; fileRef = B3A2DDD01BAC9F92006BE0DB /* CardsViewController.xib */; };
		B3A2DDD81BACA9D0006BE0DB /* DraggableImageView.m in Sources */ = {isa = PBXBuildFile; fileRef = B3A2DDD71BACA9D0006BE0DB /* DraggableImageView.m */; };
		B3A2DDDA1BACA9E9006BE0DB /* DraggableImageView.xib in Resources */ = {isa = PBXBuildFile; fileRef = B3A2DDD91BACA9E9006BE0DB /* DraggableImageView.xib */; };
		B3A2DDDE1BACB82F006BE0DB /* ProfileViewController.m in Sources */ = {isa = PBXBuildFile; fileRef = B3A2DDDC1BACB82F006BE0DB /* ProfileViewController.m */; };
		B3A2DDDF1BACB82F006BE0DB /* ProfileViewController.xib in Resources */ = {isa = PBXBuildFile; fileRef = B3A2DDDD1BACB82F006BE0DB /* ProfileViewController.xib */; };
/* End PBXBuildFile section */

/* Begin PBXContainerItemProxy section */
		B3A2DDBF1BAC9F27006BE0DB /* PBXContainerItemProxy */ = {
			isa = PBXContainerItemProxy;
			containerPortal = B3A2DD9D1BAC9F27006BE0DB /* Project object */;
			proxyType = 1;
			remoteGlobalIDString = B3A2DDA41BAC9F27006BE0DB;
			remoteInfo = TinderEditorDemo;
		};
/* End PBXContainerItemProxy section */

/* Begin PBXFileReference section */
		B3A2DDA51BAC9F27006BE0DB /* TinderEditorDemo.app */ = {isa = PBXFileReference; explicitFileType = wrapper.application; includeInIndex = 0; path = TinderEditorDemo.app; sourceTree = BUILT_PRODUCTS_DIR; };
		B3A2DDA91BAC9F27006BE0DB /* Info.plist */ = {isa = PBXFileReference; lastKnownFileType = text.plist.xml; path = Info.plist; sourceTree = "<group>"; };
		B3A2DDAA1BAC9F27006BE0DB /* main.m */ = {isa = PBXFileReference; lastKnownFileType = sourcecode.c.objc; path = main.m; sourceTree = "<group>"; };
		B3A2DDAC1BAC9F27006BE0DB /* AppDelegate.h */ = {isa = PBXFileReference; lastKnownFileType = sourcecode.c.h; path = AppDelegate.h; sourceTree = "<group>"; };
		B3A2DDAD1BAC9F27006BE0DB /* AppDelegate.m */ = {isa = PBXFileReference; lastKnownFileType = sourcecode.c.objc; path = AppDelegate.m; sourceTree = "<group>"; };
		B3A2DDB51BAC9F27006BE0DB /* Images.xcassets */ = {isa = PBXFileReference; lastKnownFileType = folder.assetcatalog; path = Images.xcassets; sourceTree = "<group>"; };
		B3A2DDBE1BAC9F27006BE0DB /* TinderEditorDemoTests.xctest */ = {isa = PBXFileReference; explicitFileType = wrapper.cfbundle; includeInIndex = 0; path = TinderEditorDemoTests.xctest; sourceTree = BUILT_PRODUCTS_DIR; };
		B3A2DDC31BAC9F27006BE0DB /* Info.plist */ = {isa = PBXFileReference; lastKnownFileType = text.plist.xml; path = Info.plist; sourceTree = "<group>"; };
		B3A2DDC41BAC9F27006BE0DB /* TinderEditorDemoTests.m */ = {isa = PBXFileReference; lastKnownFileType = sourcecode.c.objc; path = TinderEditorDemoTests.m; sourceTree = "<group>"; };
		B3A2DDCE1BAC9F92006BE0DB /* CardsViewController.h */ = {isa = PBXFileReference; fileEncoding = 4; lastKnownFileType = sourcecode.c.h; path = CardsViewController.h; sourceTree = "<group>"; };
		B3A2DDCF1BAC9F92006BE0DB /* CardsViewController.m */ = {isa = PBXFileReference; fileEncoding = 4; lastKnownFileType = sourcecode.c.objc; path = CardsViewController.m; sourceTree = "<group>"; };
		B3A2DDD01BAC9F92006BE0DB /* CardsViewController.xib */ = {isa = PBXFileReference; fileEncoding = 4; lastKnownFileType = file.xib; path = CardsViewController.xib; sourceTree = "<group>"; };
		B3A2DDD61BACA9D0006BE0DB /* DraggableImageView.h */ = {isa = PBXFileReference; fileEncoding = 4; lastKnownFileType = sourcecode.c.h; path = DraggableImageView.h; sourceTree = "<group>"; };
		B3A2DDD71BACA9D0006BE0DB /* DraggableImageView.m */ = {isa = PBXFileReference; fileEncoding = 4; lastKnownFileType = sourcecode.c.objc; path = DraggableImageView.m; sourceTree = "<group>"; };
		B3A2DDD91BACA9E9006BE0DB /* DraggableImageView.xib */ = {isa = PBXFileReference; fileEncoding = 4; lastKnownFileType = file.xib; path = DraggableImageView.xib; sourceTree = "<group>"; };
		B3A2DDDB1BACB82F006BE0DB /* ProfileViewController.h */ = {isa = PBXFileReference; fileEncoding = 4; lastKnownFileType = sourcecode.c.h; path = ProfileViewController.h; sourceTree = "<group>"; };
		B3A2DDDC1BACB82F006BE0DB /* ProfileViewController.m */ = {isa = PBXFileReference; fileEncoding = 4; lastKnownFileType = sourcecode.c.objc; path = ProfileViewController.m; sourceTree = "<group>"; };
		B3A2DDDD1BACB82F006BE0DB /* ProfileViewController.xib */ = {isa = PBXFileReference; fileEncoding = 4; lastKnownFileType = file.xib; path = ProfileViewController.xib; sourceTree = "<group>"; };
/* End PBXFileReference section */

/* Begin PBXFrameworksBuildPhase section */
		B3A2DDA21BAC9F27006BE0DB /* Frameworks */ = {
			isa = PBXFrameworksBuildPhase;
			buildActionMask = 2147483647;
			files = (
			);
			runOnlyForDeploymentPostprocessing = 0;
		};
		B3A2DDBB1BAC9F27006BE0DB /* Frameworks */ = {
			isa = PBXFrameworksBuildPhase;
			buildActionMask = 2147483647;
			files = (
			);
			runOnlyForDeploymentPostprocessing = 0;
		};
/* End PBXFrameworksBuildPhase section */

/* Begin PBXGroup section */
		B3A2DD9C1BAC9F27006BE0DB = {
			isa = PBXGroup;
			children = (
				B3A2DDA71BAC9F27006BE0DB /* TinderEditorDemo */,
				B3A2DDC11BAC9F27006BE0DB /* TinderEditorDemoTests */,
				B3A2DDA61BAC9F27006BE0DB /* Products */,
			);
			sourceTree = "<group>";
		};
		B3A2DDA61BAC9F27006BE0DB /* Products */ = {
			isa = PBXGroup;
			children = (
				B3A2DDA51BAC9F27006BE0DB /* TinderEditorDemo.app */,
				B3A2DDBE1BAC9F27006BE0DB /* TinderEditorDemoTests.xctest */,
			);
			name = Products;
			sourceTree = "<group>";
		};
		B3A2DDA71BAC9F27006BE0DB /* TinderEditorDemo */ = {
			isa = PBXGroup;
			children = (
				B3A2DDD51BACA99E006BE0DB /* Views */,
				B3A2DDD31BACA989006BE0DB /* ViewController */,
				B3A2DDAC1BAC9F27006BE0DB /* AppDelegate.h */,
				B3A2DDAD1BAC9F27006BE0DB /* AppDelegate.m */,
				B3A2DDB51BAC9F27006BE0DB /* Images.xcassets */,
				B3A2DDA81BAC9F27006BE0DB /* Supporting Files */,
			);
			path = TinderEditorDemo;
			sourceTree = "<group>";
		};
		B3A2DDA81BAC9F27006BE0DB /* Supporting Files */ = {
			isa = PBXGroup;
			children = (
				B3A2DDA91BAC9F27006BE0DB /* Info.plist */,
				B3A2DDAA1BAC9F27006BE0DB /* main.m */,
			);
			name = "Supporting Files";
			sourceTree = "<group>";
		};
		B3A2DDC11BAC9F27006BE0DB /* TinderEditorDemoTests */ = {
			isa = PBXGroup;
			children = (
				B3A2DDC41BAC9F27006BE0DB /* TinderEditorDemoTests.m */,
				B3A2DDC21BAC9F27006BE0DB /* Supporting Files */,
			);
			path = TinderEditorDemoTests;
			sourceTree = "<group>";
		};
		B3A2DDC21BAC9F27006BE0DB /* Supporting Files */ = {
			isa = PBXGroup;
			children = (
				B3A2DDC31BAC9F27006BE0DB /* Info.plist */,
			);
			name = "Supporting Files";
			sourceTree = "<group>";
		};
		B3A2DDD31BACA989006BE0DB /* ViewController */ = {
			isa = PBXGroup;
			children = (
				B3A2DDCE1BAC9F92006BE0DB /* CardsViewController.h */,
				B3A2DDCF1BAC9F92006BE0DB /* CardsViewController.m */,
				B3A2DDD01BAC9F92006BE0DB /* CardsViewController.xib */,
				B3A2DDDB1BACB82F006BE0DB /* ProfileViewController.h */,
				B3A2DDDC1BACB82F006BE0DB /* ProfileViewController.m */,
				B3A2DDDD1BACB82F006BE0DB /* ProfileViewController.xib */,
			);
			name = ViewController;
			sourceTree = "<group>";
		};
		B3A2DDD51BACA99E006BE0DB /* Views */ = {
			isa = PBXGroup;
			children = (
				B3A2DDD61BACA9D0006BE0DB /* DraggableImageView.h */,
				B3A2DDD71BACA9D0006BE0DB /* DraggableImageView.m */,
				B3A2DDD91BACA9E9006BE0DB /* DraggableImageView.xib */,
			);
			name = Views;
			sourceTree = "<group>";
		};
/* End PBXGroup section */

/* Begin PBXNativeTarget section */
		B3A2DDA41BAC9F27006BE0DB /* TinderEditorDemo */ = {
			isa = PBXNativeTarget;
			buildConfigurationList = B3A2DDC81BAC9F27006BE0DB /* Build configuration list for PBXNativeTarget "TinderEditorDemo" */;
			buildPhases = (
				B3A2DDA11BAC9F27006BE0DB /* Sources */,
				B3A2DDA21BAC9F27006BE0DB /* Frameworks */,
				B3A2DDA31BAC9F27006BE0DB /* Resources */,
			);
			buildRules = (
			);
			dependencies = (
			);
			name = TinderEditorDemo;
			productName = TinderEditorDemo;
			productReference = B3A2DDA51BAC9F27006BE0DB /* TinderEditorDemo.app */;
			productType = "com.apple.product-type.application";
		};
		B3A2DDBD1BAC9F27006BE0DB /* TinderEditorDemoTests */ = {
			isa = PBXNativeTarget;
			buildConfigurationList = B3A2DDCB1BAC9F27006BE0DB /* Build configuration list for PBXNativeTarget "TinderEditorDemoTests" */;
			buildPhases = (
				B3A2DDBA1BAC9F27006BE0DB /* Sources */,
				B3A2DDBB1BAC9F27006BE0DB /* Frameworks */,
				B3A2DDBC1BAC9F27006BE0DB /* Resources */,
			);
			buildRules = (
			);
			dependencies = (
				B3A2DDC01BAC9F27006BE0DB /* PBXTargetDependency */,
			);
			name = TinderEditorDemoTests;
			productName = TinderEditorDemoTests;
			productReference = B3A2DDBE1BAC9F27006BE0DB /* TinderEditorDemoTests.xctest */;
			productType = "com.apple.product-type.bundle.unit-test";
		};
/* End PBXNativeTarget section */

/* Begin PBXProject section */
		B3A2DD9D1BAC9F27006BE0DB /* Project object */ = {
			isa = PBXProject;
			attributes = {
				LastUpgradeCheck = 0640;
				ORGANIZATIONNAME = FastTrack;
				TargetAttributes = {
					B3A2DDA41BAC9F27006BE0DB = {
						CreatedOnToolsVersion = 6.4;
					};
					B3A2DDBD1BAC9F27006BE0DB = {
						CreatedOnToolsVersion = 6.4;
						TestTargetID = B3A2DDA41BAC9F27006BE0DB;
					};
				};
			};
			buildConfigurationList = B3A2DDA01BAC9F27006BE0DB /* Build configuration list for PBXProject "TinderEditorDemo" */;
			compatibilityVersion = "Xcode 3.2";
			developmentRegion = English;
			hasScannedForEncodings = 0;
			knownRegions = (
				en,
				Base,
			);
			mainGroup = B3A2DD9C1BAC9F27006BE0DB;
			productRefGroup = B3A2DDA61BAC9F27006BE0DB /* Products */;
			projectDirPath = "";
			projectRoot = "";
			targets = (
				B3A2DDA41BAC9F27006BE0DB /* TinderEditorDemo */,
				B3A2DDBD1BAC9F27006BE0DB /* TinderEditorDemoTests */,
			);
		};
/* End PBXProject section */

/* Begin PBXResourcesBuildPhase section */
		B3A2DDA31BAC9F27006BE0DB /* Resources */ = {
			isa = PBXResourcesBuildPhase;
			buildActionMask = 2147483647;
			files = (
				B3A2DDD21BAC9F92006BE0DB /* CardsViewController.xib in Resources */,
				B3A2DDB61BAC9F27006BE0DB /* Images.xcassets in Resources */,
				B3A2DDDF1BACB82F006BE0DB /* ProfileViewController.xib in Resources */,
				B3A2DDDA1BACA9E9006BE0DB /* DraggableImageView.xib in Resources */,
			);
			runOnlyForDeploymentPostprocessing = 0;
		};
		B3A2DDBC1BAC9F27006BE0DB /* Resources */ = {
			isa = PBXResourcesBuildPhase;
			buildActionMask = 2147483647;
			files = (
			);
			runOnlyForDeploymentPostprocessing = 0;
		};
/* End PBXResourcesBuildPhase section */

/* Begin PBXSourcesBuildPhase section */
		B3A2DDA11BAC9F27006BE0DB /* Sources */ = {
			isa = PBXSourcesBuildPhase;
			buildActionMask = 2147483647;
			files = (
				B3A2DDAE1BAC9F27006BE0DB /* AppDelegate.m in Sources */,
				B3A2DDD11BAC9F92006BE0DB /* CardsViewController.m in Sources */,
				B3A2DDD81BACA9D0006BE0DB /* DraggableImageView.m in Sources */,
				B3A2DDAB1BAC9F27006BE0DB /* main.m in Sources */,
				B3A2DDDE1BACB82F006BE0DB /* ProfileViewController.m in Sources */,
			);
			runOnlyForDeploymentPostprocessing = 0;
		};
		B3A2DDBA1BAC9F27006BE0DB /* Sources */ = {
			isa = PBXSourcesBuildPhase;
			buildActionMask = 2147483647;
			files = (
				B3A2DDC51BAC9F27006BE0DB /* TinderEditorDemoTests.m in Sources */,
			);
			runOnlyForDeploymentPostprocessing = 0;
		};
/* End PBXSourcesBuildPhase section */

/* Begin PBXTargetDependency section */
		B3A2DDC01BAC9F27006BE0DB /* PBXTargetDependency */ = {
			isa = PBXTargetDependency;
			target = B3A2DDA41BAC9F27006BE0DB /* TinderEditorDemo */;
			targetProxy = B3A2DDBF1BAC9F27006BE0DB /* PBXContainerItemProxy */;
		};
/* End PBXTargetDependency section */

/* Begin XCBuildConfiguration section */
		B3A2DDC61BAC9F27006BE0DB /* Debug */ = {
			isa = XCBuildConfiguration;
			buildSettings = {
				ALWAYS_SEARCH_USER_PATHS = NO;
				CLANG_CXX_LANGUAGE_STANDARD = "gnu++0x";
				CLANG_CXX_LIBRARY = "libc++";
				CLANG_ENABLE_MODULES = YES;
				CLANG_ENABLE_OBJC_ARC = YES;
				CLANG_WARN_BOOL_CONVERSION = YES;
				CLANG_WARN_CONSTANT_CONVERSION = YES;
				CLANG_WARN_DIRECT_OBJC_ISA_USAGE = YES_ERROR;
				CLANG_WARN_EMPTY_BODY = YES;
				CLANG_WARN_ENUM_CONVERSION = YES;
				CLANG_WARN_INT_CONVERSION = YES;
				CLANG_WARN_OBJC_ROOT_CLASS = YES_ERROR;
				CLANG_WARN_UNREACHABLE_CODE = YES;
				CLANG_WARN__DUPLICATE_METHOD_MATCH = YES;
				"CODE_SIGN_IDENTITY[sdk=iphoneos*]" = "iPhone Developer";
				COPY_PHASE_STRIP = NO;
				DEBUG_INFORMATION_FORMAT = "dwarf-with-dsym";
				ENABLE_STRICT_OBJC_MSGSEND = YES;
				GCC_C_LANGUAGE_STANDARD = gnu99;
				GCC_DYNAMIC_NO_PIC = NO;
				GCC_NO_COMMON_BLOCKS = YES;
				GCC_OPTIMIZATION_LEVEL = 0;
				GCC_PREPROCESSOR_DEFINITIONS = (
					"DEBUG=1",
					"$(inherited)",
				);
				GCC_SYMBOLS_PRIVATE_EXTERN = NO;
				GCC_WARN_64_TO_32_BIT_CONVERSION = YES;
				GCC_WARN_ABOUT_RETURN_TYPE = YES_ERROR;
				GCC_WARN_UNDECLARED_SELECTOR = YES;
				GCC_WARN_UNINITIALIZED_AUTOS = YES_AGGRESSIVE;
				GCC_WARN_UNUSED_FUNCTION = YES;
				GCC_WARN_UNUSED_VARIABLE = YES;
				IPHONEOS_DEPLOYMENT_TARGET = 8.4;
				MTL_ENABLE_DEBUG_INFO = YES;
				ONLY_ACTIVE_ARCH = YES;
				SDKROOT = iphoneos;
			};
			name = Debug;
		};
		B3A2DDC71BAC9F27006BE0DB /* Release */ = {
			isa = XCBuildConfiguration;
			buildSettings = {
				ALWAYS_SEARCH_USER_PATHS = NO;
				CLANG_CXX_LANGUAGE_STANDARD = "gnu++0x";
				CLANG_CXX_LIBRARY = "libc++";
				CLANG_ENABLE_MODULES = YES;
				CLANG_ENABLE_OBJC_ARC = YES;
				CLANG_WARN_BOOL_CONVERSION = YES;
				CLANG_WARN_CONSTANT_CONVERSION = YES;
				CLANG_WARN_DIRECT_OBJC_ISA_USAGE = YES_ERROR;
				CLANG_WARN_EMPTY_BODY = YES;
				CLANG_WARN_ENUM_CONVERSION = YES;
				CLANG_WARN_INT_CONVERSION = YES;
				CLANG_WARN_OBJC_ROOT_CLASS = YES_ERROR;
				CLANG_WARN_UNREACHABLE_CODE = YES;
				CLANG_WARN__DUPLICATE_METHOD_MATCH = YES;
				"CODE_SIGN_IDENTITY[sdk=iphoneos*]" = "iPhone Developer";
				COPY_PHASE_STRIP = NO;
				DEBUG_INFORMATION_FORMAT = "dwarf-with-dsym";
				ENABLE_NS_ASSERTIONS = NO;
				ENABLE_STRICT_OBJC_MSGSEND = YES;
				GCC_C_LANGUAGE_STANDARD = gnu99;
				GCC_NO_COMMON_BLOCKS = YES;
				GCC_WARN_64_TO_32_BIT_CONVERSION = YES;
				GCC_WARN_ABOUT_RETURN_TYPE = YES_ERROR;
				GCC_WARN_UNDECLARED_SELECTOR = YES;
				GCC_WARN_UNINITIALIZED_AUTOS = YES_AGGRESSIVE;
				GCC_WARN_UNUSED_FUNCTION = YES;
				GCC_WARN_UNUSED_VARIABLE = YES;
				IPHONEOS_DEPLOYMENT_TARGET = 8.4;
				MTL_ENABLE_DEBUG_INFO = NO;
				SDKROOT = iphoneos;
				VALIDATE_PRODUCT = YES;
			};
			name = Release;
		};
		B3A2DDC91BAC9F27006BE0DB /* Debug */ = {
			isa = XCBuildConfiguration;
			buildSettings = {
				ASSETCATALOG_COMPILER_APPICON_NAME = AppIcon;
				INFOPLIST_FILE = TinderEditorDemo/Info.plist;
				LD_RUNPATH_SEARCH_PATHS = "$(inherited) @executable_path/Frameworks";
				PRODUCT_NAME = "$(TARGET_NAME)";
			};
			name = Debug;
		};
		B3A2DDCA1BAC9F27006BE0DB /* Release */ = {
			isa = XCBuildConfiguration;
			buildSettings = {
				ASSETCATALOG_COMPILER_APPICON_NAME = AppIcon;
				INFOPLIST_FILE = TinderEditorDemo/Info.plist;
				LD_RUNPATH_SEARCH_PATHS = "$(inherited) @executable_path/Frameworks";
				PRODUCT_NAME = "$(TARGET_NAME)";
			};
			name = Release;
		};
		B3A2DDCC1BAC9F27006BE0DB /* Debug */ = {
			isa = XCBuildConfiguration;
			buildSettings = {
				BUNDLE_LOADER = "$(TEST_HOST)";
				FRAMEWORK_SEARCH_PATHS = (
					"$(SDKROOT)/Developer/Library/Frameworks",
					"$(inherited)",
				);
				GCC_PREPROCESSOR_DEFINITIONS = (
					"DEBUG=1",
					"$(inherited)",
				);
				INFOPLIST_FILE = TinderEditorDemoTests/Info.plist;
				LD_RUNPATH_SEARCH_PATHS = "$(inherited) @executable_path/Frameworks @loader_path/Frameworks";
				PRODUCT_NAME = "$(TARGET_NAME)";
				TEST_HOST = "$(BUILT_PRODUCTS_DIR)/TinderEditorDemo.app/TinderEditorDemo";
			};
			name = Debug;
		};
		B3A2DDCD1BAC9F27006BE0DB /* Release */ = {
			isa = XCBuildConfiguration;
			buildSettings = {
				BUNDLE_LOADER = "$(TEST_HOST)";
				FRAMEWORK_SEARCH_PATHS = (
					"$(SDKROOT)/Developer/Library/Frameworks",
					"$(inherited)",
				);
				INFOPLIST_FILE = TinderEditorDemoTests/Info.plist;
				LD_RUNPATH_SEARCH_PATHS = "$(inherited) @executable_path/Frameworks @loader_path/Frameworks";
				PRODUCT_NAME = "$(TARGET_NAME)";
				TEST_HOST = "$(BUILT_PRODUCTS_DIR)/TinderEditorDemo.app/TinderEditorDemo";
			};
			name = Release;
		};
/* End XCBuildConfiguration section */

/* Begin XCConfigurationList section */
		B3A2DDA01BAC9F27006BE0DB /* Build configuration list for PBXProject "TinderEditorDemo" */ = {
			isa = XCConfigurationList;
			buildConfigurations = (
				B3A2DDC61BAC9F27006BE0DB /* Debug */,
				B3A2DDC71BAC9F27006BE0DB /* Release */,
			);
			defaultConfigurationIsVisible = 0;
			defaultConfigurationName = Release;
		};
		B3A2DDC81BAC9F27006BE0DB /* Build configuration list for PBXNativeTarget "TinderEditorDemo" */ = {
			isa = XCConfigurationList;
			buildConfigurations = (
				B3A2DDC91BAC9F27006BE0DB /* Debug */,
				B3A2DDCA1BAC9F27006BE0DB /* Release */,
			);
			defaultConfigurationIsVisible = 0;
		};
		B3A2DDCB1BAC9F27006BE0DB /* Build configuration list for PBXNativeTarget "TinderEditorDemoTests" */ = {
			isa = XCConfigurationList;
			buildConfigurations = (
				B3A2DDCC1BAC9F27006BE0DB /* Debug */,
				B3A2DDCD1BAC9F27006BE0DB /* Release */,
			);
			defaultConfigurationIsVisible = 0;
		};
/* End XCConfigurationList section */
	};
	rootObject = B3A2DD9D1BAC9F27006BE0DB /* Project object */;
}
